
Microsoft Visual Studio Solution File, Format Version 12.00
# Visual Studio Version 17
VisualStudioVersion = 17.6.33801.468
MinimumVisualStudioVersion = 10.0.40219.1
Project("{9A19103F-16F7-4668-BE54-9A1E7A4F7556}") = "01_Ukol", "01_Ukol\01_Ukol.csproj", "{9E2D0E7D-1E87-4397-AF59-C8CC0FE3A835}"
EndProject
Project("{9A19103F-16F7-4668-BE54-9A1E7A4F7556}") = "03_Ukol", "03_Ukol\03_Ukol.csproj", "{7619F998-2467-4780-84AC-C72DEBECA7D7}"
EndProject
Project("{9A19103F-16F7-4668-BE54-9A1E7A4F7556}") = "03_Ukol_Morseovka", "03_Ukol_Morseovka\03_Ukol_Morseovka.csproj", "{072BB83F-D36A-4E27-A31A-F3BB46EBDF00}"
EndProject
Global
	GlobalSection(SolutionConfigurationPlatforms) = preSolution
		Debug|Any CPU = Debug|Any CPU
		Release|Any CPU = Release|Any CPU
	EndGlobalSection
	GlobalSection(ProjectConfigurationPlatforms) = postSolution
		{9E2D0E7D-1E87-4397-AF59-C8CC0FE3A835}.Debug|Any CPU.ActiveCfg = Debug|Any CPU
		{9E2D0E7D-1E87-4397-AF59-C8CC0FE3A835}.Debug|Any CPU.Build.0 = Debug|Any CPU
		{9E2D0E7D-1E87-4397-AF59-C8CC0FE3A835}.Release|Any CPU.ActiveCfg = Release|Any CPU
		{9E2D0E7D-1E87-4397-AF59-C8CC0FE3A835}.Release|Any CPU.Build.0 = Release|Any CPU
		{7619F998-2467-4780-84AC-C72DEBECA7D7}.Debug|Any CPU.ActiveCfg = Debug|Any CPU
		{7619F998-2467-4780-84AC-C72DEBECA7D7}.Debug|Any CPU.Build.0 = Debug|Any CPU
		{7619F998-2467-4780-84AC-C72DEBECA7D7}.Release|Any CPU.ActiveCfg = Release|Any CPU
		{7619F998-2467-4780-84AC-C72DEBECA7D7}.Release|Any CPU.Build.0 = Release|Any CPU
		{072BB83F-D36A-4E27-A31A-F3BB46EBDF00}.Debug|Any CPU.ActiveCfg = Debug|Any CPU
		{072BB83F-D36A-4E27-A31A-F3BB46EBDF00}.Debug|Any CPU.Build.0 = Debug|Any CPU
		{072BB83F-D36A-4E27-A31A-F3BB46EBDF00}.Release|Any CPU.ActiveCfg = Release|Any CPU
		{072BB83F-D36A-4E27-A31A-F3BB46EBDF00}.Release|Any CPU.Build.0 = Release|Any CPU
	EndGlobalSection
	GlobalSection(SolutionProperties) = preSolution
		HideSolutionNode = FALSE
	EndGlobalSection
	GlobalSection(ExtensibilityGlobals) = postSolution
		SolutionGuid = {01AB803B-290C-474B-858A-37B08B18E2AE}
	EndGlobalSection
EndGlobal
